
Microsoft Visual Studio Solution File, Format Version 12.00
# Visual Studio 15
VisualStudioVersion = 15.0.28307.902
MinimumVisualStudioVersion = 10.0.40219.1
Project("{FAE04EC0-301F-11D3-BF4B-00C04F79EFBC}") = "memoryGame", "memoryGame.csproj", "{CF628E52-2AF2-4FB7-ABEA-6818E0CBE6BF}"
EndProject
Project("{FAE04EC0-301F-11D3-BF4B-00C04F79EFBC}") = "memoryGameUnitTest", "..\memoryGameUnitTest\memoryGameUnitTest.csproj", "{8EBFCC61-BC67-410E-9FEF-7D0AF5A1BC6A}"
EndProject
Project("{FAE04EC0-301F-11D3-BF4B-00C04F79EFBC}") = "ClassLibrary", "ClassLibrary1\ClassLibrary.csproj", "{B7C177AD-BEAD-4B45-845A-8BD43DE4D1EF}"
EndProject
Global
	GlobalSection(SolutionConfigurationPlatforms) = preSolution
		Debug|Any CPU = Debug|Any CPU
		Release|Any CPU = Release|Any CPU
	EndGlobalSection
	GlobalSection(ProjectConfigurationPlatforms) = postSolution
		{CF628E52-2AF2-4FB7-ABEA-6818E0CBE6BF}.Debug|Any CPU.ActiveCfg = Debug|Any CPU
		{CF628E52-2AF2-4FB7-ABEA-6818E0CBE6BF}.Debug|Any CPU.Build.0 = Debug|Any CPU
		{CF628E52-2AF2-4FB7-ABEA-6818E0CBE6BF}.Release|Any CPU.ActiveCfg = Release|Any CPU
		{CF628E52-2AF2-4FB7-ABEA-6818E0CBE6BF}.Release|Any CPU.Build.0 = Release|Any CPU
		{8EBFCC61-BC67-410E-9FEF-7D0AF5A1BC6A}.Debug|Any CPU.ActiveCfg = Debug|Any CPU
		{8EBFCC61-BC67-410E-9FEF-7D0AF5A1BC6A}.Debug|Any CPU.Build.0 = Debug|Any CPU
		{8EBFCC61-BC67-410E-9FEF-7D0AF5A1BC6A}.Release|Any CPU.ActiveCfg = Release|Any CPU
		{8EBFCC61-BC67-410E-9FEF-7D0AF5A1BC6A}.Release|Any CPU.Build.0 = Release|Any CPU
		{B7C177AD-BEAD-4B45-845A-8BD43DE4D1EF}.Debug|Any CPU.ActiveCfg = Debug|Any CPU
		{B7C177AD-BEAD-4B45-845A-8BD43DE4D1EF}.Debug|Any CPU.Build.0 = Debug|Any CPU
		{B7C177AD-BEAD-4B45-845A-8BD43DE4D1EF}.Release|Any CPU.ActiveCfg = Release|Any CPU
		{B7C177AD-BEAD-4B45-845A-8BD43DE4D1EF}.Release|Any CPU.Build.0 = Release|Any CPU
	EndGlobalSection
	GlobalSection(SolutionProperties) = preSolution
		HideSolutionNode = FALSE
	EndGlobalSection
	GlobalSection(ExtensibilityGlobals) = postSolution
		SolutionGuid = {A1BCA791-1BE3-4EB0-A438-20A96EAFD9D8}
	EndGlobalSection
EndGlobal
